// !$*UTF8*$!
{
	archiveVersion = 1;
	classes = {
	};
	objectVersion = 56;
	objects = {

/* Begin PBXBuildFile section */
		8A24F6FF28EC4790006D5768 /* WordsGameApp.swift in Sources */ = {isa = PBXBuildFile; fileRef = 8A24F6FE28EC4790006D5768 /* WordsGameApp.swift */; };
		8A24F70128EC4790006D5768 /* StartView.swift in Sources */ = {isa = PBXBuildFile; fileRef = 8A24F70028EC4790006D5768 /* StartView.swift */; };
		8A24F70328EC4792006D5768 /* Assets.xcassets in Resources */ = {isa = PBXBuildFile; fileRef = 8A24F70228EC4792006D5768 /* Assets.xcassets */; };
		8A24F70628EC4792006D5768 /* Preview Assets.xcassets in Resources */ = {isa = PBXBuildFile; fileRef = 8A24F70528EC4792006D5768 /* Preview Assets.xcassets */; };
		8AA1BF4528EC5A7200E7EEE5 /* TitleText.swift in Sources */ = {isa = PBXBuildFile; fileRef = 8AA1BF4428EC5A7200E7EEE5 /* TitleText.swift */; };
		8AA1BF4728EC5B5A00E7EEE5 /* WordsTextField.swift in Sources */ = {isa = PBXBuildFile; fileRef = 8AA1BF4628EC5B5A00E7EEE5 /* WordsTextField.swift */; };
		8AA1BF4928EC602D00E7EEE5 /* GameView.swift in Sources */ = {isa = PBXBuildFile; fileRef = 8AA1BF4828EC602D00E7EEE5 /* GameView.swift */; };
		8ABE32B328ECB13B00C65EE2 /* Player.swift in Sources */ = {isa = PBXBuildFile; fileRef = 8ABE32B228ECB13A00C65EE2 /* Player.swift */; };
		8ABE32B628ECB24600C65EE2 /* GameViewModel.swift in Sources */ = {isa = PBXBuildFile; fileRef = 8ABE32B528ECB24600C65EE2 /* GameViewModel.swift */; };
		8ABE32B928ECE3FC00C65EE2 /* WordCell.swift in Sources */ = {isa = PBXBuildFile; fileRef = 8ABE32B828ECE3FC00C65EE2 /* WordCell.swift */; };
/* End PBXBuildFile section */

/* Begin PBXFileReference section */
		8A24F6FB28EC4790006D5768 /* WordsGame.app */ = {isa = PBXFileReference; explicitFileType = wrapper.application; includeInIndex = 0; path = WordsGame.app; sourceTree = BUILT_PRODUCTS_DIR; };
		8A24F6FE28EC4790006D5768 /* WordsGameApp.swift */ = {isa = PBXFileReference; lastKnownFileType = sourcecode.swift; path = WordsGameApp.swift; sourceTree = "<group>"; };
		8A24F70028EC4790006D5768 /* StartView.swift */ = {isa = PBXFileReference; lastKnownFileType = sourcecode.swift; path = StartView.swift; sourceTree = "<group>"; };
		8A24F70228EC4792006D5768 /* Assets.xcassets */ = {isa = PBXFileReference; lastKnownFileType = folder.assetcatalog; path = Assets.xcassets; sourceTree = "<group>"; };
		8A24F70528EC4792006D5768 /* Preview Assets.xcassets */ = {isa = PBXFileReference; lastKnownFileType = folder.assetcatalog; path = "Preview Assets.xcassets"; sourceTree = "<group>"; };
		8AA1BF4428EC5A7200E7EEE5 /* TitleText.swift */ = {isa = PBXFileReference; lastKnownFileType = sourcecode.swift; path = TitleText.swift; sourceTree = "<group>"; };
		8AA1BF4628EC5B5A00E7EEE5 /* WordsTextField.swift */ = {isa = PBXFileReference; lastKnownFileType = sourcecode.swift; path = WordsTextField.swift; sourceTree = "<group>"; };
		8AA1BF4828EC602D00E7EEE5 /* GameView.swift */ = {isa = PBXFileReference; lastKnownFileType = sourcecode.swift; path = GameView.swift; sourceTree = "<group>"; };
		8ABE32B228ECB13A00C65EE2 /* Player.swift */ = {isa = PBXFileReference; lastKnownFileType = sourcecode.swift; path = Player.swift; sourceTree = "<group>"; };
		8ABE32B528ECB24600C65EE2 /* GameViewModel.swift */ = {isa = PBXFileReference; lastKnownFileType = sourcecode.swift; path = GameViewModel.swift; sourceTree = "<group>"; };
		8ABE32B828ECE3FC00C65EE2 /* WordCell.swift */ = {isa = PBXFileReference; lastKnownFileType = sourcecode.swift; path = WordCell.swift; sourceTree = "<group>"; };
/* End PBXFileReference section */

/* Begin PBXFrameworksBuildPhase section */
		8A24F6F828EC4790006D5768 /* Frameworks */ = {
			isa = PBXFrameworksBuildPhase;
			buildActionMask = 2147483647;
			files = (
			);
			runOnlyForDeploymentPostprocessing = 0;
		};
/* End PBXFrameworksBuildPhase section */

/* Begin PBXGroup section */
		8A24F6F228EC4790006D5768 = {
			isa = PBXGroup;
			children = (
				8A24F6FD28EC4790006D5768 /* WordsGame */,
				8A24F6FC28EC4790006D5768 /* Products */,
			);
			sourceTree = "<group>";
		};
		8A24F6FC28EC4790006D5768 /* Products */ = {
			isa = PBXGroup;
			children = (
				8A24F6FB28EC4790006D5768 /* WordsGame.app */,
			);
			name = Products;
			sourceTree = "<group>";
		};
		8A24F6FD28EC4790006D5768 /* WordsGame */ = {
			isa = PBXGroup;
			children = (
				8A24F6FE28EC4790006D5768 /* WordsGameApp.swift */,
				8ABE32B428ECB21E00C65EE2 /* Model */,
				8AA1BF4A28EC604100E7EEE5 /* Views */,
				8ABE32B728ECB9B500C65EE2 /* ViewModel */,
				8AA1BF4328EC5A5600E7EEE5 /* Components */,
				8A24F70228EC4792006D5768 /* Assets.xcassets */,
				8A24F70428EC4792006D5768 /* Preview Content */,
			);
			path = WordsGame;
			sourceTree = "<group>";
		};
		8A24F70428EC4792006D5768 /* Preview Content */ = {
			isa = PBXGroup;
			children = (
				8A24F70528EC4792006D5768 /* Preview Assets.xcassets */,
			);
			path = "Preview Content";
			sourceTree = "<group>";
		};
		8AA1BF4328EC5A5600E7EEE5 /* Components */ = {
			isa = PBXGroup;
			children = (
				8AA1BF4428EC5A7200E7EEE5 /* TitleText.swift */,
				8AA1BF4628EC5B5A00E7EEE5 /* WordsTextField.swift */,
				8ABE32B828ECE3FC00C65EE2 /* WordCell.swift */,
			);
			path = Components;
			sourceTree = "<group>";
		};
		8AA1BF4A28EC604100E7EEE5 /* Views */ = {
			isa = PBXGroup;
			children = (
				8A24F70028EC4790006D5768 /* StartView.swift */,
				8AA1BF4828EC602D00E7EEE5 /* GameView.swift */,
			);
			path = Views;
			sourceTree = "<group>";
		};
		8ABE32B428ECB21E00C65EE2 /* Model */ = {
			isa = PBXGroup;
			children = (
				8ABE32B228ECB13A00C65EE2 /* Player.swift */,
			);
			path = Model;
			sourceTree = "<group>";
		};
		8ABE32B728ECB9B500C65EE2 /* ViewModel */ = {
			isa = PBXGroup;
			children = (
				8ABE32B528ECB24600C65EE2 /* GameViewModel.swift */,
			);
			path = ViewModel;
			sourceTree = "<group>";
		};
/* End PBXGroup section */

/* Begin PBXNativeTarget section */
		8A24F6FA28EC4790006D5768 /* WordsGame */ = {
			isa = PBXNativeTarget;
			buildConfigurationList = 8A24F70928EC4792006D5768 /* Build configuration list for PBXNativeTarget "WordsGame" */;
			buildPhases = (
				8A24F6F728EC4790006D5768 /* Sources */,
				8A24F6F828EC4790006D5768 /* Frameworks */,
				8A24F6F928EC4790006D5768 /* Resources */,
			);
			buildRules = (
			);
			dependencies = (
			);
			name = WordsGame;
			productName = WordsGame;
			productReference = 8A24F6FB28EC4790006D5768 /* WordsGame.app */;
			productType = "com.apple.product-type.application";
		};
/* End PBXNativeTarget section */

/* Begin PBXProject section */
		8A24F6F328EC4790006D5768 /* Project object */ = {
			isa = PBXProject;
			attributes = {
				BuildIndependentTargetsInParallel = 1;
				LastSwiftUpdateCheck = 1400;
				LastUpgradeCheck = 1400;
				TargetAttributes = {
					8A24F6FA28EC4790006D5768 = {
						CreatedOnToolsVersion = 14.0.1;
					};
				};
			};
			buildConfigurationList = 8A24F6F628EC4790006D5768 /* Build configuration list for PBXProject "WordsGame" */;
			compatibilityVersion = "Xcode 14.0";
			developmentRegion = en;
			hasScannedForEncodings = 0;
			knownRegions = (
				en,
				Base,
			);
			mainGroup = 8A24F6F228EC4790006D5768;
			productRefGroup = 8A24F6FC28EC4790006D5768 /* Products */;
			projectDirPath = "";
			projectRoot = "";
			targets = (
				8A24F6FA28EC4790006D5768 /* WordsGame */,
			);
		};
/* End PBXProject section */

/* Begin PBXResourcesBuildPhase section */
		8A24F6F928EC4790006D5768 /* Resources */ = {
			isa = PBXResourcesBuildPhase;
			buildActionMask = 2147483647;
			files = (
				8A24F70628EC4792006D5768 /* Preview Assets.xcassets in Resources */,
				8A24F70328EC4792006D5768 /* Assets.xcassets in Resources */,
			);
			runOnlyForDeploymentPostprocessing = 0;
		};
/* End PBXResourcesBuildPhase section */

/* Begin PBXSourcesBuildPhase section */
		8A24F6F728EC4790006D5768 /* Sources */ = {
			isa = PBXSourcesBuildPhase;
			buildActionMask = 2147483647;
			files = (
				8A24F70128EC4790006D5768 /* StartView.swift in Sources */,
				8AA1BF4528EC5A7200E7EEE5 /* TitleText.swift in Sources */,
				8A24F6FF28EC4790006D5768 /* WordsGameApp.swift in Sources */,
				8AA1BF4728EC5B5A00E7EEE5 /* WordsTextField.swift in Sources */,
				8ABE32B328ECB13B00C65EE2 /* Player.swift in Sources */,
				8ABE32B928ECE3FC00C65EE2 /* WordCell.swift in Sources */,
				8AA1BF4928EC602D00E7EEE5 /* GameView.swift in Sources */,
				8ABE32B628ECB24600C65EE2 /* GameViewModel.swift in Sources */,
			);
			runOnlyForDeploymentPostprocessing = 0;
		};
/* End PBXSourcesBuildPhase section */

/* Begin XCBuildConfiguration section */
		8A24F70728EC4792006D5768 /* Debug */ = {
			isa = XCBuildConfiguration;
			buildSettings = {
				ALWAYS_SEARCH_USER_PATHS = NO;
				CLANG_ANALYZER_NONNULL = YES;
				CLANG_ANALYZER_NUMBER_OBJECT_CONVERSION = YES_AGGRESSIVE;
				CLANG_CXX_LANGUAGE_STANDARD = "gnu++20";
				CLANG_ENABLE_MODULES = YES;
				CLANG_ENABLE_OBJC_ARC = YES;
				CLANG_ENABLE_OBJC_WEAK = YES;
				CLANG_WARN_BLOCK_CAPTURE_AUTORELEASING = YES;
				CLANG_WARN_BOOL_CONVERSION = YES;
				CLANG_WARN_COMMA = YES;
				CLANG_WARN_CONSTANT_CONVERSION = YES;
				CLANG_WARN_DEPRECATED_OBJC_IMPLEMENTATIONS = YES;
				CLANG_WARN_DIRECT_OBJC_ISA_USAGE = YES_ERROR;
				CLANG_WARN_DOCUMENTATION_COMMENTS = YES;
				CLANG_WARN_EMPTY_BODY = YES;
				CLANG_WARN_ENUM_CONVERSION = YES;
				CLANG_WARN_INFINITE_RECURSION = YES;
				CLANG_WARN_INT_CONVERSION = YES;
				CLANG_WARN_NON_LITERAL_NULL_CONVERSION = YES;
				CLANG_WARN_OBJC_IMPLICIT_RETAIN_SELF = YES;
				CLANG_WARN_OBJC_LITERAL_CONVERSION = YES;
				CLANG_WARN_OBJC_ROOT_CLASS = YES_ERROR;
				CLANG_WARN_QUOTED_INCLUDE_IN_FRAMEWORK_HEADER = YES;
				CLANG_WARN_RANGE_LOOP_ANALYSIS = YES;
				CLANG_WARN_STRICT_PROTOTYPES = YES;
				CLANG_WARN_SUSPICIOUS_MOVE = YES;
				CLANG_WARN_UNGUARDED_AVAILABILITY = YES_AGGRESSIVE;
				CLANG_WARN_UNREACHABLE_CODE = YES;
				CLANG_WARN__DUPLICATE_METHOD_MATCH = YES;
				COPY_PHASE_STRIP = NO;
				DEBUG_INFORMATION_FORMAT = dwarf;
				ENABLE_STRICT_OBJC_MSGSEND = YES;
				ENABLE_TESTABILITY = YES;
				GCC_C_LANGUAGE_STANDARD = gnu11;
				GCC_DYNAMIC_NO_PIC = NO;
				GCC_NO_COMMON_BLOCKS = YES;
				GCC_OPTIMIZATION_LEVEL = 0;
				GCC_PREPROCESSOR_DEFINITIONS = (
					"DEBUG=1",
					"$(inherited)",
				);
				GCC_WARN_64_TO_32_BIT_CONVERSION = YES;
				GCC_WARN_ABOUT_RETURN_TYPE = YES_ERROR;
				GCC_WARN_UNDECLARED_SELECTOR = YES;
				GCC_WARN_UNINITIALIZED_AUTOS = YES_AGGRESSIVE;
				GCC_WARN_UNUSED_FUNCTION = YES;
				GCC_WARN_UNUSED_VARIABLE = YES;
				IPHONEOS_DEPLOYMENT_TARGET = 16.0;
				MTL_ENABLE_DEBUG_INFO = INCLUDE_SOURCE;
				MTL_FAST_MATH = YES;
				ONLY_ACTIVE_ARCH = YES;
				SDKROOT = iphoneos;
				SWIFT_ACTIVE_COMPILATION_CONDITIONS = DEBUG;
				SWIFT_OPTIMIZATION_LEVEL = "-Onone";
			};
			name = Debug;
		};
		8A24F70828EC4792006D5768 /* Release */ = {
			isa = XCBuildConfiguration;
			buildSettings = {
				ALWAYS_SEARCH_USER_PATHS = NO;
				CLANG_ANALYZER_NONNULL = YES;
				CLANG_ANALYZER_NUMBER_OBJECT_CONVERSION = YES_AGGRESSIVE;
				CLANG_CXX_LANGUAGE_STANDARD = "gnu++20";
				CLANG_ENABLE_MODULES = YES;
				CLANG_ENABLE_OBJC_ARC = YES;
				CLANG_ENABLE_OBJC_WEAK = YES;
				CLANG_WARN_BLOCK_CAPTURE_AUTORELEASING = YES;
				CLANG_WARN_BOOL_CONVERSION = YES;
				CLANG_WARN_COMMA = YES;
				CLANG_WARN_CONSTANT_CONVERSION = YES;
				CLANG_WARN_DEPRECATED_OBJC_IMPLEMENTATIONS = YES;
				CLANG_WARN_DIRECT_OBJC_ISA_USAGE = YES_ERROR;
				CLANG_WARN_DOCUMENTATION_COMMENTS = YES;
				CLANG_WARN_EMPTY_BODY = YES;
				CLANG_WARN_ENUM_CONVERSION = YES;
				CLANG_WARN_INFINITE_RECURSION = YES;
				CLANG_WARN_INT_CONVERSION = YES;
				CLANG_WARN_NON_LITERAL_NULL_CONVERSION = YES;
				CLANG_WARN_OBJC_IMPLICIT_RETAIN_SELF = YES;
				CLANG_WARN_OBJC_LITERAL_CONVERSION = YES;
				CLANG_WARN_OBJC_ROOT_CLASS = YES_ERROR;
				CLANG_WARN_QUOTED_INCLUDE_IN_FRAMEWORK_HEADER = YES;
				CLANG_WARN_RANGE_LOOP_ANALYSIS = YES;
				CLANG_WARN_STRICT_PROTOTYPES = YES;
				CLANG_WARN_SUSPICIOUS_MOVE = YES;
				CLANG_WARN_UNGUARDED_AVAILABILITY = YES_AGGRESSIVE;
				CLANG_WARN_UNREACHABLE_CODE = YES;
				CLANG_WARN__DUPLICATE_METHOD_MATCH = YES;
				COPY_PHASE_STRIP = NO;
				DEBUG_INFORMATION_FORMAT = "dwarf-with-dsym";
				ENABLE_NS_ASSERTIONS = NO;
				ENABLE_STRICT_OBJC_MSGSEND = YES;
				GCC_C_LANGUAGE_STANDARD = gnu11;
				GCC_NO_COMMON_BLOCKS = YES;
				GCC_WARN_64_TO_32_BIT_CONVERSION = YES;
				GCC_WARN_ABOUT_RETURN_TYPE = YES_ERROR;
				GCC_WARN_UNDECLARED_SELECTOR = YES;
				GCC_WARN_UNINITIALIZED_AUTOS = YES_AGGRESSIVE;
				GCC_WARN_UNUSED_FUNCTION = YES;
				GCC_WARN_UNUSED_VARIABLE = YES;
				IPHONEOS_DEPLOYMENT_TARGET = 16.0;
				MTL_ENABLE_DEBUG_INFO = NO;
				MTL_FAST_MATH = YES;
				SDKROOT = iphoneos;
				SWIFT_COMPILATION_MODE = wholemodule;
				SWIFT_OPTIMIZATION_LEVEL = "-O";
				VALIDATE_PRODUCT = YES;
			};
			name = Release;
		};
		8A24F70A28EC4792006D5768 /* Debug */ = {
			isa = XCBuildConfiguration;
			buildSettings = {
				ASSETCATALOG_COMPILER_APPICON_NAME = AppIcon;
				ASSETCATALOG_COMPILER_GLOBAL_ACCENT_COLOR_NAME = AccentColor;
				CODE_SIGN_STYLE = Automatic;
				CURRENT_PROJECT_VERSION = 1;
				DEVELOPMENT_ASSET_PATHS = "\"WordsGame/Preview Content\"";
				DEVELOPMENT_TEAM = P894A63FN8;
				ENABLE_PREVIEWS = YES;
				GENERATE_INFOPLIST_FILE = YES;
				INFOPLIST_KEY_UIApplicationSceneManifest_Generation = YES;
				INFOPLIST_KEY_UIApplicationSupportsIndirectInputEvents = YES;
				INFOPLIST_KEY_UILaunchScreen_Generation = YES;
				INFOPLIST_KEY_UISupportedInterfaceOrientations_iPad = "UIInterfaceOrientationPortrait UIInterfaceOrientationPortraitUpsideDown UIInterfaceOrientationLandscapeLeft UIInterfaceOrientationLandscapeRight";
				INFOPLIST_KEY_UISupportedInterfaceOrientations_iPhone = "UIInterfaceOrientationPortrait UIInterfaceOrientationLandscapeLeft UIInterfaceOrientationLandscapeRight";
				LD_RUNPATH_SEARCH_PATHS = (
					"$(inherited)",
					"@executable_path/Frameworks",
				);
				MARKETING_VERSION = 1.0;
				PRODUCT_BUNDLE_IDENTIFIER = "Alexey-Manohin.WordsGame";
				PRODUCT_NAME = "$(TARGET_NAME)";
				SWIFT_EMIT_LOC_STRINGS = YES;
				SWIFT_VERSION = 5.0;
				TARGETED_DEVICE_FAMILY = "1,2";
			};
			name = Debug;
		};
		8A24F70B28EC4792006D5768 /* Release */ = {
			isa = XCBuildConfiguration;
			buildSettings = {
				ASSETCATALOG_COMPILER_APPICON_NAME = AppIcon;
				ASSETCATALOG_COMPILER_GLOBAL_ACCENT_COLOR_NAME = AccentColor;
				CODE_SIGN_STYLE = Automatic;
				CURRENT_PROJECT_VERSION = 1;
				DEVELOPMENT_ASSET_PATHS = "\"WordsGame/Preview Content\"";
				DEVELOPMENT_TEAM = P894A63FN8;
				ENABLE_PREVIEWS = YES;
				GENERATE_INFOPLIST_FILE = YES;
				INFOPLIST_KEY_UIApplicationSceneManifest_Generation = YES;
				INFOPLIST_KEY_UIApplicationSupportsIndirectInputEvents = YES;
				INFOPLIST_KEY_UILaunchScreen_Generation = YES;
				INFOPLIST_KEY_UISupportedInterfaceOrientations_iPad = "UIInterfaceOrientationPortrait UIInterfaceOrientationPortraitUpsideDown UIInterfaceOrientationLandscapeLeft UIInterfaceOrientationLandscapeRight";
				INFOPLIST_KEY_UISupportedInterfaceOrientations_iPhone = "UIInterfaceOrientationPortrait UIInterfaceOrientationLandscapeLeft UIInterfaceOrientationLandscapeRight";
				LD_RUNPATH_SEARCH_PATHS = (
					"$(inherited)",
					"@executable_path/Frameworks",
				);
				MARKETING_VERSION = 1.0;
				PRODUCT_BUNDLE_IDENTIFIER = "Alexey-Manohin.WordsGame";
				PRODUCT_NAME = "$(TARGET_NAME)";
				SWIFT_EMIT_LOC_STRINGS = YES;
				SWIFT_VERSION = 5.0;
				TARGETED_DEVICE_FAMILY = "1,2";
			};
			name = Release;
		};
/* End XCBuildConfiguration section */

/* Begin XCConfigurationList section */
		8A24F6F628EC4790006D5768 /* Build configuration list for PBXProject "WordsGame" */ = {
			isa = XCConfigurationList;
			buildConfigurations = (
				8A24F70728EC4792006D5768 /* Debug */,
				8A24F70828EC4792006D5768 /* Release */,
			);
			defaultConfigurationIsVisible = 0;
			defaultConfigurationName = Release;
		};
		8A24F70928EC4792006D5768 /* Build configuration list for PBXNativeTarget "WordsGame" */ = {
			isa = XCConfigurationList;
			buildConfigurations = (
				8A24F70A28EC4792006D5768 /* Debug */,
				8A24F70B28EC4792006D5768 /* Release */,
			);
			defaultConfigurationIsVisible = 0;
			defaultConfigurationName = Release;
		};
/* End XCConfigurationList section */
	};
	rootObject = 8A24F6F328EC4790006D5768 /* Project object */;
}
